
Microsoft Visual Studio Solution File, Format Version 12.00
# Visual Studio Version 16
VisualStudioVersion = 16.0.30621.155
MinimumVisualStudioVersion = 10.0.40219.1
Project("{FAE04EC0-301F-11D3-BF4B-00C04F79EFBC}") = "AppointmentApi", "AppointmentApi\AppointmentApi.csproj", "{BB7BCE8C-5507-4421-A738-83640B026F25}"
EndProject
Project("{FAE04EC0-301F-11D3-BF4B-00C04F79EFBC}") = "EquipmentAvailabilty", "EquipmentAvailabilty\EquipmentAvailabilty.csproj", "{0172D998-DFA6-46E5-A866-A6B317440174}"
EndProject
Global
	GlobalSection(SolutionConfigurationPlatforms) = preSolution
		Debug|Any CPU = Debug|Any CPU
		Release|Any CPU = Release|Any CPU
	EndGlobalSection
	GlobalSection(ProjectConfigurationPlatforms) = postSolution
		{BB7BCE8C-5507-4421-A738-83640B026F25}.Debug|Any CPU.ActiveCfg = Debug|Any CPU
		{BB7BCE8C-5507-4421-A738-83640B026F25}.Debug|Any CPU.Build.0 = Debug|Any CPU
		{BB7BCE8C-5507-4421-A738-83640B026F25}.Release|Any CPU.ActiveCfg = Release|Any CPU
		{BB7BCE8C-5507-4421-A738-83640B026F25}.Release|Any CPU.Build.0 = Release|Any CPU
		{0172D998-DFA6-46E5-A866-A6B317440174}.Debug|Any CPU.ActiveCfg = Debug|Any CPU
		{0172D998-DFA6-46E5-A866-A6B317440174}.Debug|Any CPU.Build.0 = Debug|Any CPU
		{0172D998-DFA6-46E5-A866-A6B317440174}.Release|Any CPU.ActiveCfg = Release|Any CPU
		{0172D998-DFA6-46E5-A866-A6B317440174}.Release|Any CPU.Build.0 = Release|Any CPU
	EndGlobalSection
	GlobalSection(SolutionProperties) = preSolution
		HideSolutionNode = FALSE
	EndGlobalSection
	GlobalSection(ExtensibilityGlobals) = postSolution
		SolutionGuid = {0DB575F6-ABBF-42D3-B522-EBCC583FBA28}
	EndGlobalSection
EndGlobal
