
Microsoft Visual Studio Solution File, Format Version 12.00
# Visual Studio Version 16
VisualStudioVersion = 16.0.30621.155
MinimumVisualStudioVersion = 10.0.40219.1
Project("{9A19103F-16F7-4668-BE54-9A1E7A4F7556}") = "AppointmentApi", "AppointmentApi\AppointmentApi.csproj", "{BB7BCE8C-5507-4421-A738-83640B026F25}"
EndProject
Project("{9A19103F-16F7-4668-BE54-9A1E7A4F7556}") = "EquipmentAvailabilty", "EquipmentAvailabilty\EquipmentAvailabilty.csproj", "{0172D998-DFA6-46E5-A866-A6B317440174}"
EndProject
Project("{9A19103F-16F7-4668-BE54-9A1E7A4F7556}") = "GatewayApi.Public", "GatewayApi.Public\GatewayApi.Public.csproj", "{BB692AD8-121F-4449-B5BD-C50F0511F251}"
EndProject
Project("{9A19103F-16F7-4668-BE54-9A1E7A4F7556}") = "GatewayApi.Internal", "GatewayApi.Internal\GatewayApi.Internal.csproj", "{E7EDDD95-E7E9-4189-AEB7-48B7B131B55F}"
EndProject
Project("{E53339B2-1760-4266-BCC7-CA923CBCF16C}") = "docker-compose", "docker-compose.dcproj", "{22C3BE22-EC07-4F35-9EA4-7EB3E1299BEB}"
EndProject
Project("{FAE04EC0-301F-11D3-BF4B-00C04F79EFBC}") = "EmailNotificationSystem", "EmailNotificationSystem\EmailNotificationSystem.csproj", "{E544D413-5766-467C-ABDA-CD4C833AC495}"
EndProject
Project("{FAE04EC0-301F-11D3-BF4B-00C04F79EFBC}") = "AppointmentValidationSystem", "AppointmentValidationSystem\AppointmentValidationSystem.csproj", "{518632D8-B465-4395-9D24-C8ED4138C37C}"
EndProject
Global
	GlobalSection(SolutionConfigurationPlatforms) = preSolution
		Debug|Any CPU = Debug|Any CPU
		Release|Any CPU = Release|Any CPU
	EndGlobalSection
	GlobalSection(ProjectConfigurationPlatforms) = postSolution
		{BB7BCE8C-5507-4421-A738-83640B026F25}.Debug|Any CPU.ActiveCfg = Debug|Any CPU
		{BB7BCE8C-5507-4421-A738-83640B026F25}.Debug|Any CPU.Build.0 = Debug|Any CPU
		{BB7BCE8C-5507-4421-A738-83640B026F25}.Release|Any CPU.ActiveCfg = Release|Any CPU
		{BB7BCE8C-5507-4421-A738-83640B026F25}.Release|Any CPU.Build.0 = Release|Any CPU
		{0172D998-DFA6-46E5-A866-A6B317440174}.Debug|Any CPU.ActiveCfg = Debug|Any CPU
		{0172D998-DFA6-46E5-A866-A6B317440174}.Debug|Any CPU.Build.0 = Debug|Any CPU
		{0172D998-DFA6-46E5-A866-A6B317440174}.Release|Any CPU.ActiveCfg = Release|Any CPU
		{0172D998-DFA6-46E5-A866-A6B317440174}.Release|Any CPU.Build.0 = Release|Any CPU
		{BB692AD8-121F-4449-B5BD-C50F0511F251}.Debug|Any CPU.ActiveCfg = Debug|Any CPU
		{BB692AD8-121F-4449-B5BD-C50F0511F251}.Debug|Any CPU.Build.0 = Debug|Any CPU
		{BB692AD8-121F-4449-B5BD-C50F0511F251}.Release|Any CPU.ActiveCfg = Release|Any CPU
		{BB692AD8-121F-4449-B5BD-C50F0511F251}.Release|Any CPU.Build.0 = Release|Any CPU
		{E7EDDD95-E7E9-4189-AEB7-48B7B131B55F}.Debug|Any CPU.ActiveCfg = Debug|Any CPU
		{E7EDDD95-E7E9-4189-AEB7-48B7B131B55F}.Debug|Any CPU.Build.0 = Debug|Any CPU
		{E7EDDD95-E7E9-4189-AEB7-48B7B131B55F}.Release|Any CPU.ActiveCfg = Release|Any CPU
		{E7EDDD95-E7E9-4189-AEB7-48B7B131B55F}.Release|Any CPU.Build.0 = Release|Any CPU
		{22C3BE22-EC07-4F35-9EA4-7EB3E1299BEB}.Debug|Any CPU.ActiveCfg = Debug|Any CPU
		{22C3BE22-EC07-4F35-9EA4-7EB3E1299BEB}.Debug|Any CPU.Build.0 = Debug|Any CPU
		{22C3BE22-EC07-4F35-9EA4-7EB3E1299BEB}.Release|Any CPU.ActiveCfg = Release|Any CPU
		{22C3BE22-EC07-4F35-9EA4-7EB3E1299BEB}.Release|Any CPU.Build.0 = Release|Any CPU
		{E544D413-5766-467C-ABDA-CD4C833AC495}.Debug|Any CPU.ActiveCfg = Debug|Any CPU
		{E544D413-5766-467C-ABDA-CD4C833AC495}.Debug|Any CPU.Build.0 = Debug|Any CPU
		{E544D413-5766-467C-ABDA-CD4C833AC495}.Release|Any CPU.ActiveCfg = Release|Any CPU
		{E544D413-5766-467C-ABDA-CD4C833AC495}.Release|Any CPU.Build.0 = Release|Any CPU
		{518632D8-B465-4395-9D24-C8ED4138C37C}.Debug|Any CPU.ActiveCfg = Debug|Any CPU
		{518632D8-B465-4395-9D24-C8ED4138C37C}.Debug|Any CPU.Build.0 = Debug|Any CPU
		{518632D8-B465-4395-9D24-C8ED4138C37C}.Release|Any CPU.ActiveCfg = Release|Any CPU
		{518632D8-B465-4395-9D24-C8ED4138C37C}.Release|Any CPU.Build.0 = Release|Any CPU
	EndGlobalSection
	GlobalSection(SolutionProperties) = preSolution
		HideSolutionNode = FALSE
	EndGlobalSection
	GlobalSection(ExtensibilityGlobals) = postSolution
		SolutionGuid = {0DB575F6-ABBF-42D3-B522-EBCC583FBA28}
	EndGlobalSection
EndGlobal
